// !$*UTF8*$!
{
	archiveVersion = 1;
	classes = {
	};
	objectVersion = 56;
	objects = {

/* Begin PBXBuildFile section */
		3A22652C2AE9B5BB00E6F97C /* GoogleSignIn in Frameworks */ = {isa = PBXBuildFile; productRef = 3A22652B2AE9B5BB00E6F97C /* GoogleSignIn */; };
		3A22652E2AE9B5BB00E6F97C /* GoogleSignInSwift in Frameworks */ = {isa = PBXBuildFile; productRef = 3A22652D2AE9B5BB00E6F97C /* GoogleSignInSwift */; };
		3A2265312AE9B74300E6F97C /* GoogleService-Info.plist in Resources */ = {isa = PBXBuildFile; fileRef = 3A2265302AE9B74300E6F97C /* GoogleService-Info.plist */; };
		3A6852FC2AC592CD0079E181 /* SettingsView.swift in Sources */ = {isa = PBXBuildFile; fileRef = 3A6852FB2AC592CD0079E181 /* SettingsView.swift */; };
		3AC63F0F2AF13C6D0033DD08 /* Utilities.swift in Sources */ = {isa = PBXBuildFile; fileRef = 3AC63F0E2AF13C6D0033DD08 /* Utilities.swift */; };
		3AE423F32AC2E94100FAD5AC /* AuthenticationView.swift in Sources */ = {isa = PBXBuildFile; fileRef = 3AE423F22AC2E94100FAD5AC /* AuthenticationView.swift */; };
		3AE423F52AC2EB9A00FAD5AC /* SignInEmailView.swift in Sources */ = {isa = PBXBuildFile; fileRef = 3AE423F42AC2EB9A00FAD5AC /* SignInEmailView.swift */; };
		3AE423F72AC2F15F00FAD5AC /* AuthenticationManager.swift in Sources */ = {isa = PBXBuildFile; fileRef = 3AE423F62AC2F15F00FAD5AC /* AuthenticationManager.swift */; };
		3AE423F92AC35A4500FAD5AC /* RootView.swift in Sources */ = {isa = PBXBuildFile; fileRef = 3AE423F82AC35A4500FAD5AC /* RootView.swift */; };
		3AED06EB2AC1B0CB00E9E283 /* FirebaseConfigApp.swift in Sources */ = {isa = PBXBuildFile; fileRef = 3AED06EA2AC1B0CB00E9E283 /* FirebaseConfigApp.swift */; };
		3AED06ED2AC1B0CB00E9E283 /* ContentView.swift in Sources */ = {isa = PBXBuildFile; fileRef = 3AED06EC2AC1B0CB00E9E283 /* ContentView.swift */; };
		3AED06EF2AC1B0CC00E9E283 /* Assets.xcassets in Resources */ = {isa = PBXBuildFile; fileRef = 3AED06EE2AC1B0CC00E9E283 /* Assets.xcassets */; };
		3AED06F22AC1B0CC00E9E283 /* Preview Assets.xcassets in Resources */ = {isa = PBXBuildFile; fileRef = 3AED06F12AC1B0CC00E9E283 /* Preview Assets.xcassets */; };
		3AED06FA2AC1B4F700E9E283 /* FirebaseAnalytics in Frameworks */ = {isa = PBXBuildFile; productRef = 3AED06F92AC1B4F700E9E283 /* FirebaseAnalytics */; };
		3AED06FC2AC1B4F700E9E283 /* FirebaseAnalyticsOnDeviceConversion in Frameworks */ = {isa = PBXBuildFile; productRef = 3AED06FB2AC1B4F700E9E283 /* FirebaseAnalyticsOnDeviceConversion */; };
		3AED06FE2AC1B4F700E9E283 /* FirebaseAnalyticsSwift in Frameworks */ = {isa = PBXBuildFile; productRef = 3AED06FD2AC1B4F700E9E283 /* FirebaseAnalyticsSwift */; };
		3AED07002AC1B4F700E9E283 /* FirebaseAnalyticsWithoutAdIdSupport in Frameworks */ = {isa = PBXBuildFile; productRef = 3AED06FF2AC1B4F700E9E283 /* FirebaseAnalyticsWithoutAdIdSupport */; };
		3AED07022AC1B4F700E9E283 /* FirebaseAppCheck in Frameworks */ = {isa = PBXBuildFile; productRef = 3AED07012AC1B4F700E9E283 /* FirebaseAppCheck */; };
		3AED07042AC1B4F700E9E283 /* FirebaseAppDistribution-Beta in Frameworks */ = {isa = PBXBuildFile; productRef = 3AED07032AC1B4F700E9E283 /* FirebaseAppDistribution-Beta */; };
		3AED07062AC1B4F700E9E283 /* FirebaseAuth in Frameworks */ = {isa = PBXBuildFile; productRef = 3AED07052AC1B4F700E9E283 /* FirebaseAuth */; };
		3AED07082AC1B4F700E9E283 /* FirebaseAuthCombine-Community in Frameworks */ = {isa = PBXBuildFile; productRef = 3AED07072AC1B4F700E9E283 /* FirebaseAuthCombine-Community */; };
		3AED070A2AC1B4F700E9E283 /* FirebaseCrashlytics in Frameworks */ = {isa = PBXBuildFile; productRef = 3AED07092AC1B4F700E9E283 /* FirebaseCrashlytics */; };
		3AED070C2AC1B4F700E9E283 /* FirebaseDatabase in Frameworks */ = {isa = PBXBuildFile; productRef = 3AED070B2AC1B4F700E9E283 /* FirebaseDatabase */; };
		3AED070E2AC1B4F700E9E283 /* FirebaseDatabaseSwift in Frameworks */ = {isa = PBXBuildFile; productRef = 3AED070D2AC1B4F700E9E283 /* FirebaseDatabaseSwift */; };
		3AED07102AC1B4F700E9E283 /* FirebaseDynamicLinks in Frameworks */ = {isa = PBXBuildFile; productRef = 3AED070F2AC1B4F700E9E283 /* FirebaseDynamicLinks */; };
		3AED07122AC1B4F700E9E283 /* FirebaseFirestore in Frameworks */ = {isa = PBXBuildFile; productRef = 3AED07112AC1B4F700E9E283 /* FirebaseFirestore */; };
		3AED07142AC1B4F700E9E283 /* FirebaseFirestoreCombine-Community in Frameworks */ = {isa = PBXBuildFile; productRef = 3AED07132AC1B4F700E9E283 /* FirebaseFirestoreCombine-Community */; };
		3AED07162AC1B4F700E9E283 /* FirebaseFirestoreSwift in Frameworks */ = {isa = PBXBuildFile; productRef = 3AED07152AC1B4F700E9E283 /* FirebaseFirestoreSwift */; };
		3AED07182AC1B4F700E9E283 /* FirebaseFunctions in Frameworks */ = {isa = PBXBuildFile; productRef = 3AED07172AC1B4F700E9E283 /* FirebaseFunctions */; };
		3AED071A2AC1B4F700E9E283 /* FirebaseFunctionsCombine-Community in Frameworks */ = {isa = PBXBuildFile; productRef = 3AED07192AC1B4F700E9E283 /* FirebaseFunctionsCombine-Community */; };
		3AED071C2AC1B4F700E9E283 /* FirebaseInAppMessaging-Beta in Frameworks */ = {isa = PBXBuildFile; productRef = 3AED071B2AC1B4F700E9E283 /* FirebaseInAppMessaging-Beta */; };
		3AED071E2AC1B4F700E9E283 /* FirebaseInAppMessagingSwift-Beta in Frameworks */ = {isa = PBXBuildFile; productRef = 3AED071D2AC1B4F700E9E283 /* FirebaseInAppMessagingSwift-Beta */; };
		3AED07202AC1B4F700E9E283 /* FirebaseInstallations in Frameworks */ = {isa = PBXBuildFile; productRef = 3AED071F2AC1B4F700E9E283 /* FirebaseInstallations */; };
		3AED07222AC1B4F700E9E283 /* FirebaseMLModelDownloader in Frameworks */ = {isa = PBXBuildFile; productRef = 3AED07212AC1B4F700E9E283 /* FirebaseMLModelDownloader */; };
		3AED07242AC1B4F700E9E283 /* FirebaseMessaging in Frameworks */ = {isa = PBXBuildFile; productRef = 3AED07232AC1B4F700E9E283 /* FirebaseMessaging */; };
		3AED07262AC1B4F700E9E283 /* FirebasePerformance in Frameworks */ = {isa = PBXBuildFile; productRef = 3AED07252AC1B4F700E9E283 /* FirebasePerformance */; };
		3AED07282AC1B4F700E9E283 /* FirebaseRemoteConfig in Frameworks */ = {isa = PBXBuildFile; productRef = 3AED07272AC1B4F700E9E283 /* FirebaseRemoteConfig */; };
		3AED072A2AC1B4F700E9E283 /* FirebaseRemoteConfigSwift in Frameworks */ = {isa = PBXBuildFile; productRef = 3AED07292AC1B4F700E9E283 /* FirebaseRemoteConfigSwift */; };
		3AED072C2AC1B4F700E9E283 /* FirebaseStorage in Frameworks */ = {isa = PBXBuildFile; productRef = 3AED072B2AC1B4F700E9E283 /* FirebaseStorage */; };
		3AED072E2AC1B4F700E9E283 /* FirebaseStorageCombine-Community in Frameworks */ = {isa = PBXBuildFile; productRef = 3AED072D2AC1B4F700E9E283 /* FirebaseStorageCombine-Community */; };
/* End PBXBuildFile section */

/* Begin PBXFileReference section */
		3A22652F2AE9B6EC00E6F97C /* Info.plist */ = {isa = PBXFileReference; lastKnownFileType = text.plist; path = Info.plist; sourceTree = "<group>"; };
		3A2265302AE9B74300E6F97C /* GoogleService-Info.plist */ = {isa = PBXFileReference; fileEncoding = 4; lastKnownFileType = text.plist.xml; path = "GoogleService-Info.plist"; sourceTree = "<group>"; };
		3A6852FB2AC592CD0079E181 /* SettingsView.swift */ = {isa = PBXFileReference; lastKnownFileType = sourcecode.swift; path = SettingsView.swift; sourceTree = "<group>"; };
		3AC63F0E2AF13C6D0033DD08 /* Utilities.swift */ = {isa = PBXFileReference; lastKnownFileType = sourcecode.swift; path = Utilities.swift; sourceTree = "<group>"; };
		3AE423F22AC2E94100FAD5AC /* AuthenticationView.swift */ = {isa = PBXFileReference; lastKnownFileType = sourcecode.swift; path = AuthenticationView.swift; sourceTree = "<group>"; };
		3AE423F42AC2EB9A00FAD5AC /* SignInEmailView.swift */ = {isa = PBXFileReference; lastKnownFileType = sourcecode.swift; path = SignInEmailView.swift; sourceTree = "<group>"; };
		3AE423F62AC2F15F00FAD5AC /* AuthenticationManager.swift */ = {isa = PBXFileReference; lastKnownFileType = sourcecode.swift; path = AuthenticationManager.swift; sourceTree = "<group>"; };
		3AE423F82AC35A4500FAD5AC /* RootView.swift */ = {isa = PBXFileReference; lastKnownFileType = sourcecode.swift; path = RootView.swift; sourceTree = "<group>"; };
		3AED06E72AC1B0CB00E9E283 /* FirebaseConfig.app */ = {isa = PBXFileReference; explicitFileType = wrapper.application; includeInIndex = 0; path = FirebaseConfig.app; sourceTree = BUILT_PRODUCTS_DIR; };
		3AED06EA2AC1B0CB00E9E283 /* FirebaseConfigApp.swift */ = {isa = PBXFileReference; lastKnownFileType = sourcecode.swift; path = FirebaseConfigApp.swift; sourceTree = "<group>"; };
		3AED06EC2AC1B0CB00E9E283 /* ContentView.swift */ = {isa = PBXFileReference; lastKnownFileType = sourcecode.swift; path = ContentView.swift; sourceTree = "<group>"; };
		3AED06EE2AC1B0CC00E9E283 /* Assets.xcassets */ = {isa = PBXFileReference; lastKnownFileType = folder.assetcatalog; path = Assets.xcassets; sourceTree = "<group>"; };
		3AED06F12AC1B0CC00E9E283 /* Preview Assets.xcassets */ = {isa = PBXFileReference; lastKnownFileType = folder.assetcatalog; path = "Preview Assets.xcassets"; sourceTree = "<group>"; };
/* End PBXFileReference section */

/* Begin PBXFrameworksBuildPhase section */
		3AED06E42AC1B0CB00E9E283 /* Frameworks */ = {
			isa = PBXFrameworksBuildPhase;
			buildActionMask = 2147483647;
			files = (
				3AED070C2AC1B4F700E9E283 /* FirebaseDatabase in Frameworks */,
				3AED071A2AC1B4F700E9E283 /* FirebaseFunctionsCombine-Community in Frameworks */,
				3AED07122AC1B4F700E9E283 /* FirebaseFirestore in Frameworks */,
				3AED06FE2AC1B4F700E9E283 /* FirebaseAnalyticsSwift in Frameworks */,
				3AED06FA2AC1B4F700E9E283 /* FirebaseAnalytics in Frameworks */,
				3AED06FC2AC1B4F700E9E283 /* FirebaseAnalyticsOnDeviceConversion in Frameworks */,
				3AED07222AC1B4F700E9E283 /* FirebaseMLModelDownloader in Frameworks */,
				3A22652E2AE9B5BB00E6F97C /* GoogleSignInSwift in Frameworks */,
				3AED07162AC1B4F700E9E283 /* FirebaseFirestoreSwift in Frameworks */,
				3AED07022AC1B4F700E9E283 /* FirebaseAppCheck in Frameworks */,
				3AED07002AC1B4F700E9E283 /* FirebaseAnalyticsWithoutAdIdSupport in Frameworks */,
				3AED07062AC1B4F700E9E283 /* FirebaseAuth in Frameworks */,
				3AED070A2AC1B4F700E9E283 /* FirebaseCrashlytics in Frameworks */,
				3AED072A2AC1B4F700E9E283 /* FirebaseRemoteConfigSwift in Frameworks */,
				3A22652C2AE9B5BB00E6F97C /* GoogleSignIn in Frameworks */,
				3AED071C2AC1B4F700E9E283 /* FirebaseInAppMessaging-Beta in Frameworks */,
				3AED070E2AC1B4F700E9E283 /* FirebaseDatabaseSwift in Frameworks */,
				3AED07182AC1B4F700E9E283 /* FirebaseFunctions in Frameworks */,
				3AED072E2AC1B4F700E9E283 /* FirebaseStorageCombine-Community in Frameworks */,
				3AED07282AC1B4F700E9E283 /* FirebaseRemoteConfig in Frameworks */,
				3AED07042AC1B4F700E9E283 /* FirebaseAppDistribution-Beta in Frameworks */,
				3AED07082AC1B4F700E9E283 /* FirebaseAuthCombine-Community in Frameworks */,
				3AED07262AC1B4F700E9E283 /* FirebasePerformance in Frameworks */,
				3AED071E2AC1B4F700E9E283 /* FirebaseInAppMessagingSwift-Beta in Frameworks */,
				3AED072C2AC1B4F700E9E283 /* FirebaseStorage in Frameworks */,
				3AED07102AC1B4F700E9E283 /* FirebaseDynamicLinks in Frameworks */,
				3AED07142AC1B4F700E9E283 /* FirebaseFirestoreCombine-Community in Frameworks */,
				3AED07242AC1B4F700E9E283 /* FirebaseMessaging in Frameworks */,
				3AED07202AC1B4F700E9E283 /* FirebaseInstallations in Frameworks */,
			);
			runOnlyForDeploymentPostprocessing = 0;
		};
/* End PBXFrameworksBuildPhase section */

/* Begin PBXGroup section */
		3AC63F0D2AF13C510033DD08 /* Utilities */ = {
			isa = PBXGroup;
			children = (
				3AC63F0E2AF13C6D0033DD08 /* Utilities.swift */,
			);
			path = Utilities;
			sourceTree = "<group>";
		};
		3AE423F12AC2E8DF00FAD5AC /* Authentication */ = {
			isa = PBXGroup;
			children = (
				3AE423F22AC2E94100FAD5AC /* AuthenticationView.swift */,
				3AE423F42AC2EB9A00FAD5AC /* SignInEmailView.swift */,
				3AE423F62AC2F15F00FAD5AC /* AuthenticationManager.swift */,
				3AE423F82AC35A4500FAD5AC /* RootView.swift */,
				3A6852FB2AC592CD0079E181 /* SettingsView.swift */,
			);
			path = Authentication;
			sourceTree = "<group>";
		};
		3AED06DE2AC1B0CB00E9E283 = {
			isa = PBXGroup;
			children = (
				3AED06E92AC1B0CB00E9E283 /* FirebaseConfig */,
				3AED06E82AC1B0CB00E9E283 /* Products */,
			);
			sourceTree = "<group>";
		};
		3AED06E82AC1B0CB00E9E283 /* Products */ = {
			isa = PBXGroup;
			children = (
				3AED06E72AC1B0CB00E9E283 /* FirebaseConfig.app */,
			);
			name = Products;
			sourceTree = "<group>";
		};
		3AED06E92AC1B0CB00E9E283 /* FirebaseConfig */ = {
			isa = PBXGroup;
			children = (
				3A22652F2AE9B6EC00E6F97C /* Info.plist */,
				3AC63F0D2AF13C510033DD08 /* Utilities */,
				3AE423F12AC2E8DF00FAD5AC /* Authentication */,
				3AED06EA2AC1B0CB00E9E283 /* FirebaseConfigApp.swift */,
				3AED06EC2AC1B0CB00E9E283 /* ContentView.swift */,
				3A2265302AE9B74300E6F97C /* GoogleService-Info.plist */,
				3AED06EE2AC1B0CC00E9E283 /* Assets.xcassets */,
				3AED06F02AC1B0CC00E9E283 /* Preview Content */,
			);
			path = FirebaseConfig;
			sourceTree = "<group>";
		};
		3AED06F02AC1B0CC00E9E283 /* Preview Content */ = {
			isa = PBXGroup;
			children = (
				3AED06F12AC1B0CC00E9E283 /* Preview Assets.xcassets */,
			);
			path = "Preview Content";
			sourceTree = "<group>";
		};
/* End PBXGroup section */

/* Begin PBXNativeTarget section */
		3AED06E62AC1B0CB00E9E283 /* FirebaseConfig */ = {
			isa = PBXNativeTarget;
			buildConfigurationList = 3AED06F52AC1B0CC00E9E283 /* Build configuration list for PBXNativeTarget "FirebaseConfig" */;
			buildPhases = (
				3AED06E32AC1B0CB00E9E283 /* Sources */,
				3AED06E42AC1B0CB00E9E283 /* Frameworks */,
				3AED06E52AC1B0CB00E9E283 /* Resources */,
			);
			buildRules = (
			);
			dependencies = (
			);
			name = FirebaseConfig;
			packageProductDependencies = (
				3AED06F92AC1B4F700E9E283 /* FirebaseAnalytics */,
				3AED06FB2AC1B4F700E9E283 /* FirebaseAnalyticsOnDeviceConversion */,
				3AED06FD2AC1B4F700E9E283 /* FirebaseAnalyticsSwift */,
				3AED06FF2AC1B4F700E9E283 /* FirebaseAnalyticsWithoutAdIdSupport */,
				3AED07012AC1B4F700E9E283 /* FirebaseAppCheck */,
				3AED07032AC1B4F700E9E283 /* FirebaseAppDistribution-Beta */,
				3AED07052AC1B4F700E9E283 /* FirebaseAuth */,
				3AED07072AC1B4F700E9E283 /* FirebaseAuthCombine-Community */,
				3AED07092AC1B4F700E9E283 /* FirebaseCrashlytics */,
				3AED070B2AC1B4F700E9E283 /* FirebaseDatabase */,
				3AED070D2AC1B4F700E9E283 /* FirebaseDatabaseSwift */,
				3AED070F2AC1B4F700E9E283 /* FirebaseDynamicLinks */,
				3AED07112AC1B4F700E9E283 /* FirebaseFirestore */,
				3AED07132AC1B4F700E9E283 /* FirebaseFirestoreCombine-Community */,
				3AED07152AC1B4F700E9E283 /* FirebaseFirestoreSwift */,
				3AED07172AC1B4F700E9E283 /* FirebaseFunctions */,
				3AED07192AC1B4F700E9E283 /* FirebaseFunctionsCombine-Community */,
				3AED071B2AC1B4F700E9E283 /* FirebaseInAppMessaging-Beta */,
				3AED071D2AC1B4F700E9E283 /* FirebaseInAppMessagingSwift-Beta */,
				3AED071F2AC1B4F700E9E283 /* FirebaseInstallations */,
				3AED07212AC1B4F700E9E283 /* FirebaseMLModelDownloader */,
				3AED07232AC1B4F700E9E283 /* FirebaseMessaging */,
				3AED07252AC1B4F700E9E283 /* FirebasePerformance */,
				3AED07272AC1B4F700E9E283 /* FirebaseRemoteConfig */,
				3AED07292AC1B4F700E9E283 /* FirebaseRemoteConfigSwift */,
				3AED072B2AC1B4F700E9E283 /* FirebaseStorage */,
				3AED072D2AC1B4F700E9E283 /* FirebaseStorageCombine-Community */,
				3A22652B2AE9B5BB00E6F97C /* GoogleSignIn */,
				3A22652D2AE9B5BB00E6F97C /* GoogleSignInSwift */,
			);
			productName = FirebaseConfig;
			productReference = 3AED06E72AC1B0CB00E9E283 /* FirebaseConfig.app */;
			productType = "com.apple.product-type.application";
		};
/* End PBXNativeTarget section */

/* Begin PBXProject section */
		3AED06DF2AC1B0CB00E9E283 /* Project object */ = {
			isa = PBXProject;
			attributes = {
				BuildIndependentTargetsInParallel = 1;
				LastSwiftUpdateCheck = 1500;
				LastUpgradeCheck = 1500;
				TargetAttributes = {
					3AED06E62AC1B0CB00E9E283 = {
						CreatedOnToolsVersion = 15.0;
					};
				};
			};
			buildConfigurationList = 3AED06E22AC1B0CB00E9E283 /* Build configuration list for PBXProject "FirebaseConfig" */;
			compatibilityVersion = "Xcode 14.0";
			developmentRegion = en;
			hasScannedForEncodings = 0;
			knownRegions = (
				en,
				Base,
			);
			mainGroup = 3AED06DE2AC1B0CB00E9E283;
			packageReferences = (
				3AED06F82AC1B4F700E9E283 /* XCRemoteSwiftPackageReference "firebase-ios-sdk" */,
				3A22652A2AE9B5BB00E6F97C /* XCRemoteSwiftPackageReference "GoogleSignIn-iOS" */,
			);
			productRefGroup = 3AED06E82AC1B0CB00E9E283 /* Products */;
			projectDirPath = "";
			projectRoot = "";
			targets = (
				3AED06E62AC1B0CB00E9E283 /* FirebaseConfig */,
			);
		};
/* End PBXProject section */

/* Begin PBXResourcesBuildPhase section */
		3AED06E52AC1B0CB00E9E283 /* Resources */ = {
			isa = PBXResourcesBuildPhase;
			buildActionMask = 2147483647;
			files = (
				3AED06F22AC1B0CC00E9E283 /* Preview Assets.xcassets in Resources */,
				3AED06EF2AC1B0CC00E9E283 /* Assets.xcassets in Resources */,
				3A2265312AE9B74300E6F97C /* GoogleService-Info.plist in Resources */,
			);
			runOnlyForDeploymentPostprocessing = 0;
		};
/* End PBXResourcesBuildPhase section */

/* Begin PBXSourcesBuildPhase section */
		3AED06E32AC1B0CB00E9E283 /* Sources */ = {
			isa = PBXSourcesBuildPhase;
			buildActionMask = 2147483647;
			files = (
				3A6852FC2AC592CD0079E181 /* SettingsView.swift in Sources */,
				3AED06ED2AC1B0CB00E9E283 /* ContentView.swift in Sources */,
				3AED06EB2AC1B0CB00E9E283 /* FirebaseConfigApp.swift in Sources */,
				3AE423F92AC35A4500FAD5AC /* RootView.swift in Sources */,
				3AE423F32AC2E94100FAD5AC /* AuthenticationView.swift in Sources */,
				3AE423F72AC2F15F00FAD5AC /* AuthenticationManager.swift in Sources */,
				3AC63F0F2AF13C6D0033DD08 /* Utilities.swift in Sources */,
				3AE423F52AC2EB9A00FAD5AC /* SignInEmailView.swift in Sources */,
			);
			runOnlyForDeploymentPostprocessing = 0;
		};
/* End PBXSourcesBuildPhase section */

/* Begin XCBuildConfiguration section */
		3AED06F32AC1B0CC00E9E283 /* Debug */ = {
			isa = XCBuildConfiguration;
			buildSettings = {
				ALWAYS_SEARCH_USER_PATHS = NO;
				ASSETCATALOG_COMPILER_GENERATE_SWIFT_ASSET_SYMBOL_EXTENSIONS = YES;
				CLANG_ANALYZER_NONNULL = YES;
				CLANG_ANALYZER_NUMBER_OBJECT_CONVERSION = YES_AGGRESSIVE;
				CLANG_CXX_LANGUAGE_STANDARD = "gnu++20";
				CLANG_ENABLE_MODULES = YES;
				CLANG_ENABLE_OBJC_ARC = YES;
				CLANG_ENABLE_OBJC_WEAK = YES;
				CLANG_WARN_BLOCK_CAPTURE_AUTORELEASING = YES;
				CLANG_WARN_BOOL_CONVERSION = YES;
				CLANG_WARN_COMMA = YES;
				CLANG_WARN_CONSTANT_CONVERSION = YES;
				CLANG_WARN_DEPRECATED_OBJC_IMPLEMENTATIONS = YES;
				CLANG_WARN_DIRECT_OBJC_ISA_USAGE = YES_ERROR;
				CLANG_WARN_DOCUMENTATION_COMMENTS = YES;
				CLANG_WARN_EMPTY_BODY = YES;
				CLANG_WARN_ENUM_CONVERSION = YES;
				CLANG_WARN_INFINITE_RECURSION = YES;
				CLANG_WARN_INT_CONVERSION = YES;
				CLANG_WARN_NON_LITERAL_NULL_CONVERSION = YES;
				CLANG_WARN_OBJC_IMPLICIT_RETAIN_SELF = YES;
				CLANG_WARN_OBJC_LITERAL_CONVERSION = YES;
				CLANG_WARN_OBJC_ROOT_CLASS = YES_ERROR;
				CLANG_WARN_QUOTED_INCLUDE_IN_FRAMEWORK_HEADER = YES;
				CLANG_WARN_RANGE_LOOP_ANALYSIS = YES;
				CLANG_WARN_STRICT_PROTOTYPES = YES;
				CLANG_WARN_SUSPICIOUS_MOVE = YES;
				CLANG_WARN_UNGUARDED_AVAILABILITY = YES_AGGRESSIVE;
				CLANG_WARN_UNREACHABLE_CODE = YES;
				CLANG_WARN__DUPLICATE_METHOD_MATCH = YES;
				COPY_PHASE_STRIP = NO;
				DEBUG_INFORMATION_FORMAT = dwarf;
				ENABLE_STRICT_OBJC_MSGSEND = YES;
				ENABLE_TESTABILITY = YES;
				ENABLE_USER_SCRIPT_SANDBOXING = YES;
				GCC_C_LANGUAGE_STANDARD = gnu17;
				GCC_DYNAMIC_NO_PIC = NO;
				GCC_NO_COMMON_BLOCKS = YES;
				GCC_OPTIMIZATION_LEVEL = 0;
				GCC_PREPROCESSOR_DEFINITIONS = (
					"DEBUG=1",
					"$(inherited)",
				);
				GCC_WARN_64_TO_32_BIT_CONVERSION = YES;
				GCC_WARN_ABOUT_RETURN_TYPE = YES_ERROR;
				GCC_WARN_UNDECLARED_SELECTOR = YES;
				GCC_WARN_UNINITIALIZED_AUTOS = YES_AGGRESSIVE;
				GCC_WARN_UNUSED_FUNCTION = YES;
				GCC_WARN_UNUSED_VARIABLE = YES;
				IPHONEOS_DEPLOYMENT_TARGET = 17.0;
				LOCALIZATION_PREFERS_STRING_CATALOGS = YES;
				MTL_ENABLE_DEBUG_INFO = INCLUDE_SOURCE;
				MTL_FAST_MATH = YES;
				ONLY_ACTIVE_ARCH = YES;
				SDKROOT = iphoneos;
				SWIFT_ACTIVE_COMPILATION_CONDITIONS = "DEBUG $(inherited)";
				SWIFT_OPTIMIZATION_LEVEL = "-Onone";
			};
			name = Debug;
		};
		3AED06F42AC1B0CC00E9E283 /* Release */ = {
			isa = XCBuildConfiguration;
			buildSettings = {
				ALWAYS_SEARCH_USER_PATHS = NO;
				ASSETCATALOG_COMPILER_GENERATE_SWIFT_ASSET_SYMBOL_EXTENSIONS = YES;
				CLANG_ANALYZER_NONNULL = YES;
				CLANG_ANALYZER_NUMBER_OBJECT_CONVERSION = YES_AGGRESSIVE;
				CLANG_CXX_LANGUAGE_STANDARD = "gnu++20";
				CLANG_ENABLE_MODULES = YES;
				CLANG_ENABLE_OBJC_ARC = YES;
				CLANG_ENABLE_OBJC_WEAK = YES;
				CLANG_WARN_BLOCK_CAPTURE_AUTORELEASING = YES;
				CLANG_WARN_BOOL_CONVERSION = YES;
				CLANG_WARN_COMMA = YES;
				CLANG_WARN_CONSTANT_CONVERSION = YES;
				CLANG_WARN_DEPRECATED_OBJC_IMPLEMENTATIONS = YES;
				CLANG_WARN_DIRECT_OBJC_ISA_USAGE = YES_ERROR;
				CLANG_WARN_DOCUMENTATION_COMMENTS = YES;
				CLANG_WARN_EMPTY_BODY = YES;
				CLANG_WARN_ENUM_CONVERSION = YES;
				CLANG_WARN_INFINITE_RECURSION = YES;
				CLANG_WARN_INT_CONVERSION = YES;
				CLANG_WARN_NON_LITERAL_NULL_CONVERSION = YES;
				CLANG_WARN_OBJC_IMPLICIT_RETAIN_SELF = YES;
				CLANG_WARN_OBJC_LITERAL_CONVERSION = YES;
				CLANG_WARN_OBJC_ROOT_CLASS = YES_ERROR;
				CLANG_WARN_QUOTED_INCLUDE_IN_FRAMEWORK_HEADER = YES;
				CLANG_WARN_RANGE_LOOP_ANALYSIS = YES;
				CLANG_WARN_STRICT_PROTOTYPES = YES;
				CLANG_WARN_SUSPICIOUS_MOVE = YES;
				CLANG_WARN_UNGUARDED_AVAILABILITY = YES_AGGRESSIVE;
				CLANG_WARN_UNREACHABLE_CODE = YES;
				CLANG_WARN__DUPLICATE_METHOD_MATCH = YES;
				COPY_PHASE_STRIP = NO;
				DEBUG_INFORMATION_FORMAT = "dwarf-with-dsym";
				ENABLE_NS_ASSERTIONS = NO;
				ENABLE_STRICT_OBJC_MSGSEND = YES;
				ENABLE_USER_SCRIPT_SANDBOXING = YES;
				GCC_C_LANGUAGE_STANDARD = gnu17;
				GCC_NO_COMMON_BLOCKS = YES;
				GCC_WARN_64_TO_32_BIT_CONVERSION = YES;
				GCC_WARN_ABOUT_RETURN_TYPE = YES_ERROR;
				GCC_WARN_UNDECLARED_SELECTOR = YES;
				GCC_WARN_UNINITIALIZED_AUTOS = YES_AGGRESSIVE;
				GCC_WARN_UNUSED_FUNCTION = YES;
				GCC_WARN_UNUSED_VARIABLE = YES;
				IPHONEOS_DEPLOYMENT_TARGET = 17.0;
				LOCALIZATION_PREFERS_STRING_CATALOGS = YES;
				MTL_ENABLE_DEBUG_INFO = NO;
				MTL_FAST_MATH = YES;
				SDKROOT = iphoneos;
				SWIFT_COMPILATION_MODE = wholemodule;
				VALIDATE_PRODUCT = YES;
			};
			name = Release;
		};
		3AED06F62AC1B0CC00E9E283 /* Debug */ = {
			isa = XCBuildConfiguration;
			buildSettings = {
				ASSETCATALOG_COMPILER_APPICON_NAME = AppIcon;
				ASSETCATALOG_COMPILER_GLOBAL_ACCENT_COLOR_NAME = AccentColor;
				CODE_SIGN_STYLE = Automatic;
				CURRENT_PROJECT_VERSION = 1;
				DEVELOPMENT_ASSET_PATHS = "\"FirebaseConfig/Preview Content\"";
				DEVELOPMENT_TEAM = J6M68LPML8;
				ENABLE_PREVIEWS = YES;
				GENERATE_INFOPLIST_FILE = YES;
				INFOPLIST_FILE = FirebaseConfig/Info.plist;
				INFOPLIST_KEY_UIApplicationSceneManifest_Generation = YES;
				INFOPLIST_KEY_UIApplicationSupportsIndirectInputEvents = YES;
				INFOPLIST_KEY_UILaunchScreen_Generation = YES;
				INFOPLIST_KEY_UISupportedInterfaceOrientations_iPad = "UIInterfaceOrientationPortrait UIInterfaceOrientationPortraitUpsideDown UIInterfaceOrientationLandscapeLeft UIInterfaceOrientationLandscapeRight";
				INFOPLIST_KEY_UISupportedInterfaceOrientations_iPhone = "UIInterfaceOrientationPortrait UIInterfaceOrientationLandscapeLeft UIInterfaceOrientationLandscapeRight";
				IPHONEOS_DEPLOYMENT_TARGET = 16.4;
				LD_RUNPATH_SEARCH_PATHS = (
					"$(inherited)",
					"@executable_path/Frameworks",
				);
				MARKETING_VERSION = 1.0;
				PRODUCT_BUNDLE_IDENTIFIER = com.mehmetsalihcakmak.FirebaseConfig;
				PRODUCT_NAME = "$(TARGET_NAME)";
				SWIFT_EMIT_LOC_STRINGS = YES;
				SWIFT_VERSION = 5.0;
				TARGETED_DEVICE_FAMILY = "1,2";
			};
			name = Debug;
		};
		3AED06F72AC1B0CC00E9E283 /* Release */ = {
			isa = XCBuildConfiguration;
			buildSettings = {
				ASSETCATALOG_COMPILER_APPICON_NAME = AppIcon;
				ASSETCATALOG_COMPILER_GLOBAL_ACCENT_COLOR_NAME = AccentColor;
				CODE_SIGN_STYLE = Automatic;
				CURRENT_PROJECT_VERSION = 1;
				DEVELOPMENT_ASSET_PATHS = "\"FirebaseConfig/Preview Content\"";
				DEVELOPMENT_TEAM = J6M68LPML8;
				ENABLE_PREVIEWS = YES;
				GENERATE_INFOPLIST_FILE = YES;
				INFOPLIST_FILE = FirebaseConfig/Info.plist;
				INFOPLIST_KEY_UIApplicationSceneManifest_Generation = YES;
				INFOPLIST_KEY_UIApplicationSupportsIndirectInputEvents = YES;
				INFOPLIST_KEY_UILaunchScreen_Generation = YES;
				INFOPLIST_KEY_UISupportedInterfaceOrientations_iPad = "UIInterfaceOrientationPortrait UIInterfaceOrientationPortraitUpsideDown UIInterfaceOrientationLandscapeLeft UIInterfaceOrientationLandscapeRight";
				INFOPLIST_KEY_UISupportedInterfaceOrientations_iPhone = "UIInterfaceOrientationPortrait UIInterfaceOrientationLandscapeLeft UIInterfaceOrientationLandscapeRight";
				IPHONEOS_DEPLOYMENT_TARGET = 16.4;
				LD_RUNPATH_SEARCH_PATHS = (
					"$(inherited)",
					"@executable_path/Frameworks",
				);
				MARKETING_VERSION = 1.0;
				PRODUCT_BUNDLE_IDENTIFIER = com.mehmetsalihcakmak.FirebaseConfig;
				PRODUCT_NAME = "$(TARGET_NAME)";
				SWIFT_EMIT_LOC_STRINGS = YES;
				SWIFT_VERSION = 5.0;
				TARGETED_DEVICE_FAMILY = "1,2";
			};
			name = Release;
		};
/* End XCBuildConfiguration section */

/* Begin XCConfigurationList section */
		3AED06E22AC1B0CB00E9E283 /* Build configuration list for PBXProject "FirebaseConfig" */ = {
			isa = XCConfigurationList;
			buildConfigurations = (
				3AED06F32AC1B0CC00E9E283 /* Debug */,
				3AED06F42AC1B0CC00E9E283 /* Release */,
			);
			defaultConfigurationIsVisible = 0;
			defaultConfigurationName = Release;
		};
		3AED06F52AC1B0CC00E9E283 /* Build configuration list for PBXNativeTarget "FirebaseConfig" */ = {
			isa = XCConfigurationList;
			buildConfigurations = (
				3AED06F62AC1B0CC00E9E283 /* Debug */,
				3AED06F72AC1B0CC00E9E283 /* Release */,
			);
			defaultConfigurationIsVisible = 0;
			defaultConfigurationName = Release;
		};
/* End XCConfigurationList section */

/* Begin XCRemoteSwiftPackageReference section */
		3A22652A2AE9B5BB00E6F97C /* XCRemoteSwiftPackageReference "GoogleSignIn-iOS" */ = {
			isa = XCRemoteSwiftPackageReference;
			repositoryURL = "https://github.com/google/GoogleSignIn-iOS";
			requirement = {
				kind = upToNextMajorVersion;
				minimumVersion = 7.0.0;
			};
		};
		3AED06F82AC1B4F700E9E283 /* XCRemoteSwiftPackageReference "firebase-ios-sdk" */ = {
			isa = XCRemoteSwiftPackageReference;
			repositoryURL = "https://github.com/firebase/firebase-ios-sdk";
			requirement = {
				kind = exactVersion;
				version = 10.15.0;
			};
		};
/* End XCRemoteSwiftPackageReference section */

/* Begin XCSwiftPackageProductDependency section */
		3A22652B2AE9B5BB00E6F97C /* GoogleSignIn */ = {
			isa = XCSwiftPackageProductDependency;
			package = 3A22652A2AE9B5BB00E6F97C /* XCRemoteSwiftPackageReference "GoogleSignIn-iOS" */;
			productName = GoogleSignIn;
		};
		3A22652D2AE9B5BB00E6F97C /* GoogleSignInSwift */ = {
			isa = XCSwiftPackageProductDependency;
			package = 3A22652A2AE9B5BB00E6F97C /* XCRemoteSwiftPackageReference "GoogleSignIn-iOS" */;
			productName = GoogleSignInSwift;
		};
		3AED06F92AC1B4F700E9E283 /* FirebaseAnalytics */ = {
			isa = XCSwiftPackageProductDependency;
			package = 3AED06F82AC1B4F700E9E283 /* XCRemoteSwiftPackageReference "firebase-ios-sdk" */;
			productName = FirebaseAnalytics;
		};
		3AED06FB2AC1B4F700E9E283 /* FirebaseAnalyticsOnDeviceConversion */ = {
			isa = XCSwiftPackageProductDependency;
			package = 3AED06F82AC1B4F700E9E283 /* XCRemoteSwiftPackageReference "firebase-ios-sdk" */;
			productName = FirebaseAnalyticsOnDeviceConversion;
		};
		3AED06FD2AC1B4F700E9E283 /* FirebaseAnalyticsSwift */ = {
			isa = XCSwiftPackageProductDependency;
			package = 3AED06F82AC1B4F700E9E283 /* XCRemoteSwiftPackageReference "firebase-ios-sdk" */;
			productName = FirebaseAnalyticsSwift;
		};
		3AED06FF2AC1B4F700E9E283 /* FirebaseAnalyticsWithoutAdIdSupport */ = {
			isa = XCSwiftPackageProductDependency;
			package = 3AED06F82AC1B4F700E9E283 /* XCRemoteSwiftPackageReference "firebase-ios-sdk" */;
			productName = FirebaseAnalyticsWithoutAdIdSupport;
		};
		3AED07012AC1B4F700E9E283 /* FirebaseAppCheck */ = {
			isa = XCSwiftPackageProductDependency;
			package = 3AED06F82AC1B4F700E9E283 /* XCRemoteSwiftPackageReference "firebase-ios-sdk" */;
			productName = FirebaseAppCheck;
		};
		3AED07032AC1B4F700E9E283 /* FirebaseAppDistribution-Beta */ = {
			isa = XCSwiftPackageProductDependency;
			package = 3AED06F82AC1B4F700E9E283 /* XCRemoteSwiftPackageReference "firebase-ios-sdk" */;
			productName = "FirebaseAppDistribution-Beta";
		};
		3AED07052AC1B4F700E9E283 /* FirebaseAuth */ = {
			isa = XCSwiftPackageProductDependency;
			package = 3AED06F82AC1B4F700E9E283 /* XCRemoteSwiftPackageReference "firebase-ios-sdk" */;
			productName = FirebaseAuth;
		};
		3AED07072AC1B4F700E9E283 /* FirebaseAuthCombine-Community */ = {
			isa = XCSwiftPackageProductDependency;
			package = 3AED06F82AC1B4F700E9E283 /* XCRemoteSwiftPackageReference "firebase-ios-sdk" */;
			productName = "FirebaseAuthCombine-Community";
		};
		3AED07092AC1B4F700E9E283 /* FirebaseCrashlytics */ = {
			isa = XCSwiftPackageProductDependency;
			package = 3AED06F82AC1B4F700E9E283 /* XCRemoteSwiftPackageReference "firebase-ios-sdk" */;
			productName = FirebaseCrashlytics;
		};
		3AED070B2AC1B4F700E9E283 /* FirebaseDatabase */ = {
			isa = XCSwiftPackageProductDependency;
			package = 3AED06F82AC1B4F700E9E283 /* XCRemoteSwiftPackageReference "firebase-ios-sdk" */;
			productName = FirebaseDatabase;
		};
		3AED070D2AC1B4F700E9E283 /* FirebaseDatabaseSwift */ = {
			isa = XCSwiftPackageProductDependency;
			package = 3AED06F82AC1B4F700E9E283 /* XCRemoteSwiftPackageReference "firebase-ios-sdk" */;
			productName = FirebaseDatabaseSwift;
		};
		3AED070F2AC1B4F700E9E283 /* FirebaseDynamicLinks */ = {
			isa = XCSwiftPackageProductDependency;
			package = 3AED06F82AC1B4F700E9E283 /* XCRemoteSwiftPackageReference "firebase-ios-sdk" */;
			productName = FirebaseDynamicLinks;
		};
		3AED07112AC1B4F700E9E283 /* FirebaseFirestore */ = {
			isa = XCSwiftPackageProductDependency;
			package = 3AED06F82AC1B4F700E9E283 /* XCRemoteSwiftPackageReference "firebase-ios-sdk" */;
			productName = FirebaseFirestore;
		};
		3AED07132AC1B4F700E9E283 /* FirebaseFirestoreCombine-Community */ = {
			isa = XCSwiftPackageProductDependency;
			package = 3AED06F82AC1B4F700E9E283 /* XCRemoteSwiftPackageReference "firebase-ios-sdk" */;
			productName = "FirebaseFirestoreCombine-Community";
		};
		3AED07152AC1B4F700E9E283 /* FirebaseFirestoreSwift */ = {
			isa = XCSwiftPackageProductDependency;
			package = 3AED06F82AC1B4F700E9E283 /* XCRemoteSwiftPackageReference "firebase-ios-sdk" */;
			productName = FirebaseFirestoreSwift;
		};
		3AED07172AC1B4F700E9E283 /* FirebaseFunctions */ = {
			isa = XCSwiftPackageProductDependency;
			package = 3AED06F82AC1B4F700E9E283 /* XCRemoteSwiftPackageReference "firebase-ios-sdk" */;
			productName = FirebaseFunctions;
		};
		3AED07192AC1B4F700E9E283 /* FirebaseFunctionsCombine-Community */ = {
			isa = XCSwiftPackageProductDependency;
			package = 3AED06F82AC1B4F700E9E283 /* XCRemoteSwiftPackageReference "firebase-ios-sdk" */;
			productName = "FirebaseFunctionsCombine-Community";
		};
		3AED071B2AC1B4F700E9E283 /* FirebaseInAppMessaging-Beta */ = {
			isa = XCSwiftPackageProductDependency;
			package = 3AED06F82AC1B4F700E9E283 /* XCRemoteSwiftPackageReference "firebase-ios-sdk" */;
			productName = "FirebaseInAppMessaging-Beta";
		};
		3AED071D2AC1B4F700E9E283 /* FirebaseInAppMessagingSwift-Beta */ = {
			isa = XCSwiftPackageProductDependency;
			package = 3AED06F82AC1B4F700E9E283 /* XCRemoteSwiftPackageReference "firebase-ios-sdk" */;
			productName = "FirebaseInAppMessagingSwift-Beta";
		};
		3AED071F2AC1B4F700E9E283 /* FirebaseInstallations */ = {
			isa = XCSwiftPackageProductDependency;
			package = 3AED06F82AC1B4F700E9E283 /* XCRemoteSwiftPackageReference "firebase-ios-sdk" */;
			productName = FirebaseInstallations;
		};
		3AED07212AC1B4F700E9E283 /* FirebaseMLModelDownloader */ = {
			isa = XCSwiftPackageProductDependency;
			package = 3AED06F82AC1B4F700E9E283 /* XCRemoteSwiftPackageReference "firebase-ios-sdk" */;
			productName = FirebaseMLModelDownloader;
		};
		3AED07232AC1B4F700E9E283 /* FirebaseMessaging */ = {
			isa = XCSwiftPackageProductDependency;
			package = 3AED06F82AC1B4F700E9E283 /* XCRemoteSwiftPackageReference "firebase-ios-sdk" */;
			productName = FirebaseMessaging;
		};
		3AED07252AC1B4F700E9E283 /* FirebasePerformance */ = {
			isa = XCSwiftPackageProductDependency;
			package = 3AED06F82AC1B4F700E9E283 /* XCRemoteSwiftPackageReference "firebase-ios-sdk" */;
			productName = FirebasePerformance;
		};
		3AED07272AC1B4F700E9E283 /* FirebaseRemoteConfig */ = {
			isa = XCSwiftPackageProductDependency;
			package = 3AED06F82AC1B4F700E9E283 /* XCRemoteSwiftPackageReference "firebase-ios-sdk" */;
			productName = FirebaseRemoteConfig;
		};
		3AED07292AC1B4F700E9E283 /* FirebaseRemoteConfigSwift */ = {
			isa = XCSwiftPackageProductDependency;
			package = 3AED06F82AC1B4F700E9E283 /* XCRemoteSwiftPackageReference "firebase-ios-sdk" */;
			productName = FirebaseRemoteConfigSwift;
		};
		3AED072B2AC1B4F700E9E283 /* FirebaseStorage */ = {
			isa = XCSwiftPackageProductDependency;
			package = 3AED06F82AC1B4F700E9E283 /* XCRemoteSwiftPackageReference "firebase-ios-sdk" */;
			productName = FirebaseStorage;
		};
		3AED072D2AC1B4F700E9E283 /* FirebaseStorageCombine-Community */ = {
			isa = XCSwiftPackageProductDependency;
			package = 3AED06F82AC1B4F700E9E283 /* XCRemoteSwiftPackageReference "firebase-ios-sdk" */;
			productName = "FirebaseStorageCombine-Community";
		};
/* End XCSwiftPackageProductDependency section */
	};
	rootObject = 3AED06DF2AC1B0CB00E9E283 /* Project object */;
}
